lockfileVersion: '9.0'

settings:
  autoInstallPeers: true
  excludeLinksFromLockfile: false

importers:

  .:
    dependencies:
      doccupine:
        specifier: latest
        version: 0.0.151(openapi-types@12.1.3)

packages:

  '@apidevtools/json-schema-ref-parser@15.5.1':
    resolution: {integrity: sha512-69KDKWQvk5jfDQfSTzAUHkI731X7CaJLwQxlS87AXyFHoJzsd/Pufrqsz7PqXMgrtAA99D9Y6NujkEkzli6kVA==}
    engines: {node: '>=20'}
    peerDependencies:
      '@types/json-schema': ^7.0.15

  '@babel/code-frame@7.29.7':
    resolution: {integrity: sha512-Aup7aUOfpbAUg2ROOJN6Iw5f9DMBlzu0mIkm/malLQFN/YQgO48wCj0Kxa3sEHJvPVFg7siR+qRInwXd2qhQKw==}
    engines: {node: '>=6.9.0'}

  '@babel/helper-validator-identifier@7.29.7':
    resolution: {integrity: sha512-qehxGkRj55h/ff8EMaJ+cYhyaKlHIxqYDn682wQD7RNp9UujOQsHog2uS0r2vzr4pW+sXf90NeeayjcNaX3fFg==}
    engines: {node: '>=6.9.0'}

  '@babel/runtime@7.29.7':
    resolution: {integrity: sha512-Nq8OhGWiZIZGV6hLHoyAKLLcJihP/xFeBMGJoUrxTX2psI8dCifzLhZISFb+VWS3wFMRDmCGw5R+dOySCqPLhw==}
    engines: {node: '>=6.9.0'}

  '@emnapi/runtime@1.11.3':
    resolution: {integrity: sha512-Xz4Tpyki7XyrpbUK1jR1AhdAdaXyhhY4lZ3neLodmhpuWfy2PAQN5B46sAiU4liOXGLkHypn/qU+jvfWSCYYLA==}

  '@humanwhocodes/momoa@2.0.4':
    resolution: {integrity: sha512-RE815I4arJFtt+FVeU1Tgp9/Xvecacji8w/V6XtXsWWH/wz/eNkNbhb+ny/+PlVZjV0rxQpRSQKNKE3lcktHEA==}
    engines: {node: '>=10.10.0'}

  '@img/colour@1.1.0':
    resolution: {integrity: sha512-Td76q7j57o/tLVdgS746cYARfSyxk8iEfRxewL9h4OMzYhbW4TAcppl0mT4eyqXddh6L/jwoM75mo7ixa/pCeQ==}
    engines: {node: '>=18'}

  '@img/sharp-darwin-arm64@0.35.3':
    resolution: {integrity: sha512-RMnFX7YQsMoh7lWfcM4NEHHymBX/rLuKNPVM84XE9ONPcaSCDgE7CHIHpSgPcO2xcRthgBy1HfNO319mwhIAkg==}
    engines: {node: '>=20.9.0'}
    cpu: [arm64]
    os: [darwin]

  '@img/sharp-darwin-x64@0.35.3':
    resolution: {integrity: sha512-Xo+5uFBtLN0BKqieTxiFzFPQAUlBbbH5iBKyRX/z1JrbnYsHTfKJnUfL8+p2TPXr1pXqao4eeL4Rl144uDpK9w==}
    engines: {node: '>=20.9.0'}
    cpu: [x64]
    os: [darwin]

  '@img/sharp-freebsd-wasm32@0.35.3':
    resolution: {integrity: sha512-lUxcqWIj2wMQ9BrwNjngcr1gWUr5xgaGThBRqPPalIC2n67Cqj1uPh8NnA/ZhAg8hUbKl+kVHKwgUIwe6ZYPrg==}
    engines: {node: '>=20.9.0'}
    os: [freebsd]

  '@img/sharp-libvips-darwin-arm64@1.3.2':
    resolution: {integrity: sha512-9J6ypZFpQBj4YnePGoq/S38w6nz+vqg5WZLrLGY4YuSemdMq47GMLBPO42MzwdGwpg/agZ7xzZcFHa48xlywfg==}
    cpu: [arm64]
    os: [darwin]

  '@img/sharp-libvips-darwin-x64@1.3.2':
    resolution: {integrity: sha512-m2pW1n6cns9VaubNwsZ+c3CRYjxNQWgJ5gPlnL1nbBcpkBvFm6SCFN5o0psFHI8w9n11NKhFkeEDns98tiqbEw==}
    cpu: [x64]
    os: [darwin]

  '@img/sharp-libvips-linux-arm64@1.3.2':
    resolution: {integrity: sha512-dqVSFynCox4C/J8kT16V7SIFAns0IjgLwkvYT7p8LQVmJ5OS5b6tI9IGflxTeuBS//zXeFIUbwt5dwxyZ17cnA==}
    cpu: [arm64]
    os: [linux]
    libc: [glibc]

  '@img/sharp-libvips-linux-arm@1.3.2':
    resolution: {integrity: sha512-1eMLzy92I4J6rmi4mAT8yC3HxOtniyGELlzGbNMLLeqe052ahFQ0h6LFq+lh5DsDIdYViIDst08abvSbcEdLXQ==}
    cpu: [arm]
    os: [linux]
    libc: [glibc]

  '@img/sharp-libvips-linux-ppc64@1.3.2':
    resolution: {integrity: sha512-3z0NHDxD6n5I9gc05U1eW1AyRm+Gznzq3naMrthPNqE6oYykcogW0l/jfpJdjYnuNl8R7yI9pNbE1XiUeyq0Aw==}
    cpu: [ppc64]
    os: [linux]
    libc: [glibc]

  '@img/sharp-libvips-linux-riscv64@1.3.2':
    resolution: {integrity: sha512-bsb4rI+NldGOsXuej2r8OdSS8+zXDVaCWxyWrcv6kneTOlgAHtZABRzBBCwdsPiD90J4myNJuHpg6kA20ImW/w==}
    cpu: [riscv64]
    os: [linux]
    libc: [glibc]

  '@img/sharp-libvips-linux-s390x@1.3.2':
    resolution: {integrity: sha512-/ABshyj8gCpyIrNXnHn4LorDJ0HHm1VhXPBlxZ8zAtfVPAaSafXPGn+sUSIRiwaSBy0mmFjSjiXI5mkcwdChKQ==}
    cpu: [s390x]
    os: [linux]
    libc: [glibc]

  '@img/sharp-libvips-linux-x64@1.3.2':
    resolution: {integrity: sha512-ITPEtgffGJ0S6G9dRyw/366tJQqFRcHWPHhC+Stpg3Z8AEMrDrTr2lhdz4f/Y/HMbRh//7Z5mBzEpVdi62Oc3w==}
    cpu: [x64]
    os: [linux]
    libc: [glibc]

  '@img/sharp-libvips-linuxmusl-arm64@1.3.2':
    resolution: {integrity: sha512-zE9EdiUzUmg5mDT5a1rk5fYJ6GWPloTwWBYDS14naqHsL+EaMpDj1AWnpLgh3u0YCORv2Tt50wrcrpYqkP97Kw==}
    cpu: [arm64]
    os: [linux]
    libc: [musl]

  '@img/sharp-libvips-linuxmusl-x64@1.3.2':
    resolution: {integrity: sha512-m0lrLiUt+lBYnCFr8qV/65yMR4E/c7/wf78I5eKTdkEakFAlZ9QlzEM3QIhhAwVeUhLAHLcCq7a7Vszq/oFNZQ==}
    cpu: [x64]
    os: [linux]
    libc: [musl]

  '@img/sharp-linux-arm64@0.35.3':
    resolution: {integrity: sha512-QgKDspHPnrU+GQ55XPhGwyhC8acLVOOSyAvo1oVfFmrIXLkDNmGWzAfDZ4xK8oSA1qBQrALcHX0G5UZni/SuFQ==}
    engines: {node: '>=20.9.0'}
    cpu: [arm64]
    os: [linux]
    libc: [glibc]

  '@img/sharp-linux-arm@0.35.3':
    resolution: {integrity: sha512-affVWCTLooy8TSxbDx2qkzuDeaWLNVBA+P//FNBirHsXpP2fuBhk5AuboYUnrDnzoXes8GFjpTx0SBFOCRg+FA==}
    engines: {node: '>=20.9.0'}
    cpu: [arm]
    os: [linux]
    libc: [glibc]

  '@img/sharp-linux-ppc64@0.35.3':
    resolution: {integrity: sha512-sMd8rDxmpLOwv/7N44klFjOD5DUO7FLdjiXDI0hoxYaf7Ar262dQIEkosE98bps+5HPLtp/EvNqeqQtOycP/IA==}
    engines: {node: '>=20.9.0'}
    cpu: [ppc64]
    os: [linux]
    libc: [glibc]

  '@img/sharp-linux-riscv64@0.35.3':
    resolution: {integrity: sha512-0Eob78yjlYPfL5vMNWAW55l3R9Y6BQS/gOfe0ZcP9mEz9ohhKSt4im1hayiknXgf8AWrFqMvJcKIdmLmEe7yeQ==}
    engines: {node: '>=20.9.0'}
    cpu: [riscv64]
    os: [linux]
    libc: [glibc]

  '@img/sharp-linux-s390x@0.35.3':
    resolution: {integrity: sha512-KgAxQ0DxpNOq1rG2t5cgTgShJFGSuU7XO45cqC+1NVOuZnP6tlgZRuSYOfNupGkHID0o3cJOsw4DVeJpMovcGw==}
    engines: {node: '>=20.9.0'}
    cpu: [s390x]
    os: [linux]
    libc: [glibc]

  '@img/sharp-linux-x64@0.35.3':
    resolution: {integrity: sha512-8pqvxubL2PGdhlPy6GLqzDYMUjyRmKAwKHYKixpdJYBUK7PJ0C029XdsnpFIdgRZG68fZiGdHVWcKPvtiPB4cA==}
    engines: {node: '>=20.9.0'}
    cpu: [x64]
    os: [linux]
    libc: [glibc]

  '@img/sharp-linuxmusl-arm64@0.35.3':
    resolution: {integrity: sha512-Vz0iQjzzcSX3HCbfwFfCSG/9SCIqyO0mH2sXyiHaAYfBk0cRsCWXRyQYX0ovCK/PAQBbTzQ0dsPQHh5MAFL59w==}
    engines: {node: '>=20.9.0'}
    cpu: [arm64]
    os: [linux]
    libc: [musl]

  '@img/sharp-linuxmusl-x64@0.35.3':
    resolution: {integrity: sha512-6O1NPKcDVj9QEdg7Hx549EX8U0rp6yXQERqru6yRN7fGBn32UvIRJUlWnk+8xDCiG76hXVBbX82NZ/ZKr0euIg==}
    engines: {node: '>=20.9.0'}
    cpu: [x64]
    os: [linux]
    libc: [musl]

  '@img/sharp-wasm32@0.35.3':
    resolution: {integrity: sha512-cZ0XkcYGpHZkqW6iCkqTcmUC0CD9DhD5d/qeZlZkfRBn6GnHniZXLUo5+9xw8Iv76YE6LQFN9YNBlKREcCG76w==}
    engines: {node: '>=20.9.0'}

  '@img/sharp-webcontainers-wasm32@0.35.3':
    resolution: {integrity: sha512-2rnq7bX3NzeR2T4YWgz8qiG4h3TSdMe+vN1iQXpJleSJ3SM5zQ8Fy2SyyXAWlbxpEZ2Y+Z4u1BePgJEYbSy80Q==}
    engines: {node: '>=20.9.0'}
    cpu: [wasm32]

  '@img/sharp-win32-arm64@0.35.3':
    resolution: {integrity: sha512-4bPwFdMbeC4JQ8L8LOyWp6nsHcboP5fxkp6iPOXz2Vg49R42TuMs2whkJ5OAP4/Ul035qOzy0AecOF9VOscn4w==}
    engines: {node: '>=20.9.0'}
    cpu: [arm64]
    os: [win32]

  '@img/sharp-win32-ia32@0.35.3':
    resolution: {integrity: sha512-r53mXsBN6lFUDiST764SvgwUdHAqM4rPAiDzAmf4fLoB6X/rkfyTrLCg6+g17wJJiCmB3JYgHuUldCWUIRFSXw==}
    engines: {node: ^20.9.0}
    cpu: [ia32]
    os: [win32]

  '@img/sharp-win32-x64@0.35.3':
    resolution: {integrity: sha512-D4y1vNeZrIIJCN+uHaWVtH86B+aCrdMYYjicy9pXHvbGZeGYLLSd3wdVuC37FxVXlU1ARsk84eKWfWMXGYEqvA==}
    engines: {node: '>=20.9.0'}
    cpu: [x64]
    os: [win32]

  '@next/env@16.3.0':
    resolution: {integrity: sha512-o9r1S0BNiNreHP9Vs+Qnqd9kviDkJh8xIACY7UFZSmiGbbQRzPBBosvHzAU4TULHOIuOj/18RSsyz2qrREmIFw==}

  '@next/swc-darwin-arm64@16.3.0':
    resolution: {integrity: sha512-55hpqq18bEVAlxedlTt3tFqZmKg2nUXT1kn1G/BGEy0R13h3LwtwHPVzzjG6P4LLeOHE32PFDQUVaJEWvBEZBw==}
    engines: {node: '>= 10'}
    cpu: [arm64]
    os: [darwin]

  '@next/swc-darwin-x64@16.3.0':
    resolution: {integrity: sha512-SOi96kSaF5T+0wW4koiM1bWzSPwjzTesC1p3df+FjdOi5LIQkBK/blxh7HdoKnNuI4PURF1OO7TZqtfnbWDSgw==}
    engines: {node: '>= 10'}
    cpu: [x64]
    os: [darwin]

  '@next/swc-linux-arm64-gnu@16.3.0':
    resolution: {integrity: sha512-P0gZAoPMF4dyTRzhmkV4PrqVzSOB6t4mC1oI3c4dqijJ+OVEVx5clIXAKR4/uQpsqw2KKM/0D5tVumcR2r5blg==}
    engines: {node: '>= 10'}
    cpu: [arm64]
    os: [linux]
    libc: [glibc]

  '@next/swc-linux-arm64-musl@16.3.0':
    resolution: {integrity: sha512-tXXGKJw0m37O0eKJARVTX/TheKPhz0QFVtVVZXmOig+9YKLQOSP6hvf2pxv5DO7CLEJyTHx3Pg043CDQkv1G4Q==}
    engines: {node: '>= 10'}
    cpu: [arm64]
    os: [linux]
    libc: [musl]

  '@next/swc-linux-x64-gnu@16.3.0':
    resolution: {integrity: sha512-pjGxK5EY7yWml78ALejFkWmgHsU7wbFQrISiugpH6FbUJhgEvw3xFZ/EBAtLl7QtL0WdQKiG9eWJ3mOKGTukHw==}
    engines: {node: '>= 10'}
    cpu: [x64]
    os: [linux]
    libc: [glibc]

  '@next/swc-linux-x64-musl@16.3.0':
    resolution: {integrity: sha512-sjo++Xx+lomlPs3HRsHWhVDyGG6ms1kGW5EtHLERdII8AyG1i+f6aq68xHREO6AEMlhjTNEWBSmfJfqm9orf7g==}
    engines: {node: '>= 10'}
    cpu: [x64]
    os: [linux]
    libc: [musl]

  '@next/swc-win32-arm64-msvc@16.3.0':
    resolution: {integrity: sha512-C5JSgiO54wURdaxdEUIXqkz04uMqC9UmPX1gtDrV/5Tf1UowdWYI8uA5hfFbPolTlp0q4KZ60xlHePNibf0VIw==}
    engines: {node: '>= 10'}
    cpu: [arm64]
    os: [win32]

  '@next/swc-win32-x64-msvc@16.3.0':
    resolution: {integrity: sha512-fDOggsweNb5SSw0ZKVk6U+gxSyGFFlIBY/LBc1r8GUj4u/6t6oArL+Pmkg0MBnsgR+KkdsURilVH4F3GXUGepA==}
    engines: {node: '>= 10'}
    cpu: [x64]
    os: [win32]

  '@readme/better-ajv-errors@2.4.0':
    resolution: {integrity: sha512-9WODaOAKSl/mU+MYNZ2aHCrkoRSvmQ+1YkLj589OEqqjOAhbn8j7Z+ilYoiTu/he6X63/clsxxAB4qny9/dDzg==}
    engines: {node: '>=18'}
    peerDependencies:
      ajv: 4.11.8 - 8

  '@readme/openapi-parser@7.0.0':
    resolution: {integrity: sha512-nzBZ+8WQzMkRtKVSXHUY+8MbFRnYZ65Rdnhnf94zRAZ27KoiluAP9/jel/Gl5wvuBJGDJOVfMdb2RIB+rl6SpQ==}
    engines: {node: '>=20'}
    peerDependencies:
      openapi-types: '>=7'

  '@readme/openapi-schemas@4.0.0':
    resolution: {integrity: sha512-hrG//9/+RpOZTrUDirU4OzfMqaxCdY5BMpr3YuLf3Rje9rfNsydQJsH9iCPTie9ZRu9xe+0OUD4fHe0JmGwa2w==}
    engines: {node: '>=20'}

  '@swc/helpers@0.5.15':
    resolution: {integrity: sha512-JQ5TuMi45Owi4/BIMAJBoSQoOJu12oOk/gADqlcUL9JEdHB8vyjUSsxqeNXnmXHjYKMi2WcYtezGEEhqUI/E2g==}

  '@types/json-schema@7.0.15':
    resolution: {integrity: sha512-5+fP8P8MFNC+AyZCDxrB2pkZFPGzqQWUzpSeuuVLvm8VMcorNYavBqoFcxK8bQz4Qsbn4oUEEem4wDLfcysGHA==}

  ajv-draft-04@1.0.0:
    resolution: {integrity: sha512-mv00Te6nmYbRp5DCwclxtt7yV/joXJPGS7nM+97GdxvuttCOfgI3K4U25zboyeX0O+myI8ERluxQe5wljMmVIw==}
    peerDependencies:
      ajv: ^8.5.0
    peerDependenciesMeta:
      ajv:
        optional: true

  ajv@8.20.0:
    resolution: {integrity: sha512-Thbli+OlOj+iMPYFBVBfJ3OmCAnaSyNn4M1vz9T6Gka5Jt9ba/HIR56joy65tY6kx/FCF5VXNB819Y7/GUrBGA==}

  argparse@1.0.10:
    resolution: {integrity: sha512-o5Roy6tNG4SL/FOkCAN6RzjiakZS25RLYFrcMttJqbdd8BWrnA+fGz57iN5Pb06pvBGvl5gQ0B48dJlslXvoTg==}

  argparse@2.0.1:
    resolution: {integrity: sha512-8+9WqebbFzpX9OR+Wa6O29asIogeRMzcGtAINdpMHHyAg10f05aSFVBbcEqGf/PXw1EjAZ+q2/bEBg3DvurK3Q==}

  baseline-browser-mapping@2.11.12:
    resolution: {integrity: sha512-r7WnVImvVCeFpf2DOXfy41aPWzeNg3H/A2X4dKmy1QL0MSyyk/e7z8ihJ3N6Nn2PsdhkVlqnEfnUE4a05P2aTA==}
    engines: {node: '>=6.0.0'}
    hasBin: true

  caniuse-lite@1.0.30001806:
    resolution: {integrity: sha512-72Cuvd95zbSYPKq6Fhg8eDJRlzgWDf7/mtoZv6Qe/DYNCEBdNxoA3+rZAU2ZhGCpZlns3EssFavaZomckT5Uuw==}

  chalk@6.0.0:
    resolution: {integrity: sha512-2uNTXIuTTxk7ciZgAU1BQcgnchcG0xXnrs6jzkQfj9SsRa9M2s5zE8WT96hS6KmG4MzWHSrvH43DF1m4XRkrFg==}
    engines: {node: '>=22'}

  chokidar@5.0.0:
    resolution: {integrity: sha512-TQMmc3w+5AxjpL8iIiwebF73dRDF4fBIieAqGn9RGCWaEVwQ6Fb2cGe31Yns0RRIzii5goJ1Y7xbMwo1TxMplw==}
    engines: {node: '>= 20.19.0'}

  client-only@0.0.1:
    resolution: {integrity: sha512-IV3Ou0jSMzZrd3pZ48nLkT9DA7Ag1pnPzaiQhpW7c3RbcqqzvzzVu+L8gfqMp/8IM2MQtSiqaCxrrcfu8I8rMA==}

  commander@15.0.0:
    resolution: {integrity: sha512-z67u4ZhzCL/Tydu1lJARtEZYWbWaN7oYLHbsuzocr6y4N6WZAagG3RQ4FW61V1/0+jImpj293XfrcYnd1qxtPg==}
    engines: {node: '>=22.12.0'}

  detect-libc@2.1.2:
    resolution: {integrity: sha512-Btj2BOOO83o3WyH59e8MgXsxEQVcarkUOpEYrubB0urwnN10yQ364rsiByU11nZlqWYZm05i/of7io4mzihBtQ==}
    engines: {node: '>=8'}

  doccupine@0.0.151:
    resolution: {integrity: sha512-IEhZEwo6XQthHZd4hVp0EYtWcrqvRb748IfGG4Ac3wL+YADxzekKKpEVb9rgFoohFGVaPcVO6LOBsvFzF8rsQQ==}
    engines: {node: '>=22.12.0'}
    hasBin: true

  esprima@4.0.1:
    resolution: {integrity: sha512-eGuFFw7Upda+g4p+QHvnW0RyTX/SVeJBDM/gCtMARO0cLuT2HcEKnTPvhjV6aGeqrCB/sbNop0Kszm0jsaWU4A==}
    engines: {node: '>=4'}
    hasBin: true

  extend-shallow@2.0.1:
    resolution: {integrity: sha512-zCnTtlxNoAiDc3gqY2aYAWFx7XWWiasuF2K8Me5WbN8otHKTUKBwjPtNpRs/rbUZm7KxWAaNj7P1a/p52GbVug==}
    engines: {node: '>=0.10.0'}

  fast-deep-equal@3.1.3:
    resolution: {integrity: sha512-f3qQ9oQy9j2AhBe/H9VC91wLmKBCCU/gDOnKNAYG5hswO7BLKj09Hc5HYNz9cGI++xlpDCIgDaitVs03ATR84Q==}

  fast-uri@3.1.5:
    resolution: {integrity: sha512-gHwA1O9LDIcKunMKhObS/HimwtehO1nPUECKAu5TpKgaO19fcWEl4bliWe1jWxVFvIXztJjjQ4L8XQ1EU9f7Jw==}

  fs-extra@11.4.0:
    resolution: {integrity: sha512-EQsFzMUJkCKGr1ePqlYADkIUmHW1s3ZXr5Yqy6wbGrfUCphpl2maM/kyOIRA2HpP3AaFQTZXD4ldjek+nccddA==}
    engines: {node: '>=14.14'}

  graceful-fs@4.2.11:
    resolution: {integrity: sha512-RbJ5/jmFcNNCcDV5o9eTnBLJ/HszWV0P73bc+Ff4nS/rJj+YaS6IGyiOL0VoBYX+l1Wrl3k63h/KrH+nhJ0XvQ==}

  gray-matter@4.0.3:
    resolution: {integrity: sha512-5v6yZd4JK3eMI3FqqCouswVqwugaA9r4dNZB1wwcmrD02QkV5H0y7XBQW8QwQqEaZY1pM9aqORSORhJRdNK44Q==}
    engines: {node: '>=6.0'}

  is-extendable@0.1.1:
    resolution: {integrity: sha512-5BMULNob1vgFX6EjQw5izWDxrecWK9AM72rugNr0TFldMOi0fj6Jk+zeKIt0xGj4cEfQIJth4w3OKWOJ4f+AFw==}
    engines: {node: '>=0.10.0'}

  js-tokens@4.0.0:
    resolution: {integrity: sha512-RdJUflcE3cUzKiMqQgsCu06FPu9UdIJO0beYbPhHN4k6apgJtifcoCtT9bcxOpYBtpD2kCM6Sbzg4CausW/PKQ==}

  js-yaml@3.15.1:
    resolution: {integrity: sha512-S99WuO3HlhO3XN41EtYUNl9zzXjoJx7QvmipxsJVxtCBT0YHEFy+iOJhjSvrmV12nYhWpZaM8lPHkJm0yUMbag==}
    hasBin: true

  js-yaml@5.2.3:
    resolution: {integrity: sha512-n+mUVyUX5bVv7G/G2zyIHOhdxfuU1dY2NOFzTQUWiMUbFss8b57NFlgCCaggU78wSw5KVS9cllzeLyzyR+n5nw==}
    hasBin: true

  json-schema-traverse@1.0.0:
    resolution: {integrity: sha512-NM8/P9n3XjXhIZn1lLhkFaACTOURQXjWhV4BA/RnOv8xvgqtqpAX9IO4mRQxSx1Rlo4tqzeqb0sOlruaOy3dug==}

  jsonfile@6.2.1:
    resolution: {integrity: sha512-zwOTdL3rFQ/lRdBnntKVOX6k5cKJwEc1HdilT71BWEu7J41gXIB2MRp+vxduPSwZJPWBxEzv4yH1wYLJGUHX4Q==}

  jsonpointer@5.0.1:
    resolution: {integrity: sha512-p/nXbhSEcu3pZRdkW1OfJhpsVtW1gd4Wa1fnQc9YLiTfAjn0312eMKimbdIQzuZl9aa9xUGaRlP9T/CJE/ditQ==}
    engines: {node: '>=0.10.0'}

  kind-of@6.0.3:
    resolution: {integrity: sha512-dcS1ul+9tmeD95T+x28/ehLgd9mENa3LsvDTtzm3vyBEO7RPptvAD+t44WVXaUjTBRcrpFeFlC8WCruUR456hw==}
    engines: {node: '>=0.10.0'}

  kleur@3.0.3:
    resolution: {integrity: sha512-eTIzlVOSUR+JxdDFepEYcBMtZ9Qqdef+rnzWdRZuMbOywu5tO2w2N7rqjoANZ5k9vywhL6Br1VRjUIgTQx4E8w==}
    engines: {node: '>=6'}

  leven@3.1.0:
    resolution: {integrity: sha512-qsda+H8jTaUaN/x5vzW2rzc+8Rw4TAQ/4KjB46IwK5VH+IlVeeeje/EoZRpiXvIqjFgK84QffqPztGI3VBLG1A==}
    engines: {node: '>=6'}

  nanoid@3.3.17:
    resolution: {integrity: sha512-xQLf0A3HOMlgHq0n247/LRuAOYmB7dXJ/DvAxGvsSBij45XtBSmQycu+F8ODbHwns/XyFZagyL1+J0Offw1E0g==}
    engines: {node: ^10 || ^12 || ^13.7 || ^14 || >=15.0.1}
    hasBin: true

  next@16.3.0:
    resolution: {integrity: sha512-NEdGOzH+08eTXMUp9UYkA99Nhi5N6Thrhc1jgFOQgfgnGK/dA2hRwBpXep+exdFQrnwlRf/3Wixyp8lLBUpE2A==}
    engines: {node: '>=20.9.0'}
    hasBin: true
    peerDependencies:
      '@opentelemetry/api': ^1.1.0
      '@playwright/test': ^1.51.1
      babel-plugin-react-compiler: '*'
      react: ^18.2.0 || 19.0.0-rc-de68d2f4-20241204 || ^19.0.0
      react-dom: ^18.2.0 || 19.0.0-rc-de68d2f4-20241204 || ^19.0.0
      sass: ^1.3.0
    peerDependenciesMeta:
      '@opentelemetry/api':
        optional: true
      '@playwright/test':
        optional: true
      babel-plugin-react-compiler:
        optional: true
      sass:
        optional: true

  openapi-types@12.1.3:
    resolution: {integrity: sha512-N4YtSYJqghVu4iek2ZUvcN/0aqH1kRDuNqzcycDxhOUpg7GdvLa2F3DgS6yBNhInhv2r/6I0Flkn7CqL8+nIcw==}

  picocolors@1.1.1:
    resolution: {integrity: sha512-xceH2snhtb5M9liqDsmEw56le376mTZkEX/jEb/RxNFyegNul7eNslCXP9FDj/Lcu0X8KEyMceP2ntpaHrDEVA==}

  postcss@8.5.23:
    resolution: {integrity: sha512-g50586zr4bZmwFiTlflMu8E0bDTb5I5gertgwAKmsdUlTQIhZtunzUlD1WSzwcVWPoAVpsrA6vlfCD7oXvRwgg==}
    engines: {node: ^10 || ^12 || >=14}

  prompts@2.4.2:
    resolution: {integrity: sha512-NxNv/kLguCA7p3jE8oL2aEBsrJWgAakBpgmgK6lpPWV+WuOmY6r2/zbAVnP+T8bQlA0nzHXSJSJW0Hq7ylaD2Q==}
    engines: {node: '>= 6'}

  react-dom@19.2.8:
    resolution: {integrity: sha512-rVprimfGBG3DR+Tq0IQG2DT5PxKth1WIGDmj5yPmlzr4YBe7uyE+Du4oVqTDXZSHGGGXRtTJEGSSePyQCMBglQ==}
    peerDependencies:
      react: ^19.2.8

  react@19.2.8:
    resolution: {integrity: sha512-PWaYA1L/q9u2u7xYQi+Y3L3Yfnie7XyLeaJICV1MGD6LprsBxcAqGjYyr0eY3p+QdsA+x/Irkt4Qif8D63+Sbw==}
    engines: {node: '>=0.10.0'}

  readdirp@5.0.0:
    resolution: {integrity: sha512-9u/XQ1pvrQtYyMpZe7DXKv2p5CNvyVwzUB6uhLAnQwHMSgKMBR62lc7AHljaeteeHXn11XTAaLLUVZYVZyuRBQ==}
    engines: {node: '>= 20.19.0'}

  require-from-string@2.0.2:
    resolution: {integrity: sha512-Xf0nWe6RseziFMu+Ap9biiUbmplq6S9/p+7w7YXP/JBHhrUDDUhwa+vANyubuqfZWTveU//DYVGsDG7RKL/vEw==}
    engines: {node: '>=0.10.0'}

  scheduler@0.27.0:
    resolution: {integrity: sha512-eNv+WrVbKu1f3vbYJT/xtiF5syA5HPIMtf9IgY/nKg0sWqzAUEvqY/xm7OcZc/qafLx/iO9FgOmeSAp4v5ti/Q==}

  section-matter@1.0.0:
    resolution: {integrity: sha512-vfD3pmTzGpufjScBh50YHKzEu2lxBWhVEHsNGoEXmCmn2hKGfeNLYMzCJpe8cD7gqX7TJluOVpBkAequ6dgMmA==}
    engines: {node: '>=4'}

  semver@7.8.5:
    resolution: {integrity: sha512-Y7/KDsb8LjooZpwaqGyulO6DQlksgCncchHGk+sZIY4SBvUocMBEFH5Ur1fI4dV+Jvl0w6cjvucaIi40puRioA==}
    engines: {node: '>=10'}
    hasBin: true

  sharp@0.35.3:
    resolution: {integrity: sha512-ej0zVHuZGHCiABXcNxeYhpRnPNPAcvbG8RMdBAhDAxLKkCRVSpK3Iyu7qbqw3JMzoj0REeM6f3tJLtVwl0023Q==}
    engines: {node: '>=20.9.0'}
    peerDependencies:
      '@types/node': '*'
    peerDependenciesMeta:
      '@types/node':
        optional: true

  sisteransi@1.0.5:
    resolution: {integrity: sha512-bLGGlR1QxBcynn2d5YmDX4MGjlZvy2MRBDRNHLJ8VI6l6+9FUiyTFNJ0IveOSP0bcXgVDPRcfGqA0pjaqUpfVg==}

  source-map-js@1.2.1:
    resolution: {integrity: sha512-UXWMKhLOwVKb728IUtQPXxfYU+usdybtUrK/8uGE8CQMvrhOpwvzDBwj0QhSL7MQc7vIsISBG8VQ8+IDQxpfQA==}
    engines: {node: '>=0.10.0'}

  sprintf-js@1.0.3:
    resolution: {integrity: sha512-D9cPgkvLlV3t3IzL0D0YLvGA9Ahk4PcvVwUbN0dSGr1aP0Nrt4AEnTUbuGvquEC0mA64Gqt1fzirlRs5ibXx8g==}

  strip-bom-string@1.0.0:
    resolution: {integrity: sha512-uCC2VHvQRYu+lMh4My/sFNmF2klFymLX1wHJeXnbEJERpV/ZsVuonzerjfrGpIGF7LBVa1O7i9kjiWvJiFck8g==}
    engines: {node: '>=0.10.0'}

  styled-jsx@5.1.6:
    resolution: {integrity: sha512-qSVyDTeMotdvQYoHWLNGwRFJHC+i+ZvdBRYosOFgC+Wg1vx4frN2/RG/NA7SYqqvKNLf39P2LSRA2pu6n0XYZA==}
    engines: {node: '>= 12.0.0'}
    peerDependencies:
      '@babel/core': '*'
      babel-plugin-macros: '*'
      react: '>= 16.8.0 || 17.x.x || ^18.0.0-0 || ^19.0.0-0'
    peerDependenciesMeta:
      '@babel/core':
        optional: true
      babel-plugin-macros:
        optional: true

  tslib@2.8.1:
    resolution: {integrity: sha512-oJFu94HQb+KVduSUQL7wnpmqnfmLsOA/nAh6b6EH0wCEoK0/mPeXU6c3wKDV83MkOuHPRHtSXKKU99IBazS/2w==}

  undici@6.28.0:
    resolution: {integrity: sha512-LIY910g9TI13YS95lrMFrs8Rm/u/irgHeTWoKCoteeJ04CUJ92eEfj0rVn+7VKMPBpUPiUoBKfhNyLI23EE/KA==}
    engines: {node: '>=18.17'}

  universalify@2.0.1:
    resolution: {integrity: sha512-gptHNQghINnc/vTGIk0SOFGFNXw7JVrlRUtConJRlvaw6DuX0wO5Jeko9sWrMBhh+PsYAZ7oXAiOnf/UKogyiw==}
    engines: {node: '>= 10.0.0'}

snapshots:

  '@apidevtools/json-schema-ref-parser@15.5.1(@types/json-schema@7.0.15)':
    dependencies:
      '@types/json-schema': 7.0.15
      js-yaml: 5.2.3
      undici: 6.28.0

  '@babel/code-frame@7.29.7':
    dependencies:
      '@babel/helper-validator-identifier': 7.29.7
      js-tokens: 4.0.0
      picocolors: 1.1.1

  '@babel/helper-validator-identifier@7.29.7': {}

  '@babel/runtime@7.29.7': {}

  '@emnapi/runtime@1.11.3':
    dependencies:
      tslib: 2.8.1
    optional: true

  '@humanwhocodes/momoa@2.0.4': {}

  '@img/colour@1.1.0':
    optional: true

  '@img/sharp-darwin-arm64@0.35.3':
    optionalDependencies:
      '@img/sharp-libvips-darwin-arm64': 1.3.2
    optional: true

  '@img/sharp-darwin-x64@0.35.3':
    optionalDependencies:
      '@img/sharp-libvips-darwin-x64': 1.3.2
    optional: true

  '@img/sharp-freebsd-wasm32@0.35.3':
    dependencies:
      '@img/sharp-wasm32': 0.35.3
    optional: true

  '@img/sharp-libvips-darwin-arm64@1.3.2':
    optional: true

  '@img/sharp-libvips-darwin-x64@1.3.2':
    optional: true

  '@img/sharp-libvips-linux-arm64@1.3.2':
    optional: true

  '@img/sharp-libvips-linux-arm@1.3.2':
    optional: true

  '@img/sharp-libvips-linux-ppc64@1.3.2':
    optional: true

  '@img/sharp-libvips-linux-riscv64@1.3.2':
    optional: true

  '@img/sharp-libvips-linux-s390x@1.3.2':
    optional: true

  '@img/sharp-libvips-linux-x64@1.3.2':
    optional: true

  '@img/sharp-libvips-linuxmusl-arm64@1.3.2':
    optional: true

  '@img/sharp-libvips-linuxmusl-x64@1.3.2':
    optional: true

  '@img/sharp-linux-arm64@0.35.3':
    optionalDependencies:
      '@img/sharp-libvips-linux-arm64': 1.3.2
    optional: true

  '@img/sharp-linux-arm@0.35.3':
    optionalDependencies:
      '@img/sharp-libvips-linux-arm': 1.3.2
    optional: true

  '@img/sharp-linux-ppc64@0.35.3':
    optionalDependencies:
      '@img/sharp-libvips-linux-ppc64': 1.3.2
    optional: true

  '@img/sharp-linux-riscv64@0.35.3':
    optionalDependencies:
      '@img/sharp-libvips-linux-riscv64': 1.3.2
    optional: true

  '@img/sharp-linux-s390x@0.35.3':
    optionalDependencies:
      '@img/sharp-libvips-linux-s390x': 1.3.2
    optional: true

  '@img/sharp-linux-x64@0.35.3':
    optionalDependencies:
      '@img/sharp-libvips-linux-x64': 1.3.2
    optional: true

  '@img/sharp-linuxmusl-arm64@0.35.3':
    optionalDependencies:
      '@img/sharp-libvips-linuxmusl-arm64': 1.3.2
    optional: true

  '@img/sharp-linuxmusl-x64@0.35.3':
    optionalDependencies:
      '@img/sharp-libvips-linuxmusl-x64': 1.3.2
    optional: true

  '@img/sharp-wasm32@0.35.3':
    dependencies:
      '@emnapi/runtime': 1.11.3
    optional: true

  '@img/sharp-webcontainers-wasm32@0.35.3':
    dependencies:
      '@img/sharp-wasm32': 0.35.3
    optional: true

  '@img/sharp-win32-arm64@0.35.3':
    optional: true

  '@img/sharp-win32-ia32@0.35.3':
    optional: true

  '@img/sharp-win32-x64@0.35.3':
    optional: true

  '@next/env@16.3.0': {}

  '@next/swc-darwin-arm64@16.3.0':
    optional: true

  '@next/swc-darwin-x64@16.3.0':
    optional: true

  '@next/swc-linux-arm64-gnu@16.3.0':
    optional: true

  '@next/swc-linux-arm64-musl@16.3.0':
    optional: true

  '@next/swc-linux-x64-gnu@16.3.0':
    optional: true

  '@next/swc-linux-x64-musl@16.3.0':
    optional: true

  '@next/swc-win32-arm64-msvc@16.3.0':
    optional: true

  '@next/swc-win32-x64-msvc@16.3.0':
    optional: true

  '@readme/better-ajv-errors@2.4.0(ajv@8.20.0)':
    dependencies:
      '@babel/code-frame': 7.29.7
      '@babel/runtime': 7.29.7
      '@humanwhocodes/momoa': 2.0.4
      ajv: 8.20.0
      jsonpointer: 5.0.1
      leven: 3.1.0
      picocolors: 1.1.1

  '@readme/openapi-parser@7.0.0(openapi-types@12.1.3)':
    dependencies:
      '@apidevtools/json-schema-ref-parser': 15.5.1(@types/json-schema@7.0.15)
      '@readme/better-ajv-errors': 2.4.0(ajv@8.20.0)
      '@readme/openapi-schemas': 4.0.0
      '@types/json-schema': 7.0.15
      ajv: 8.20.0
      ajv-draft-04: 1.0.0(ajv@8.20.0)
      openapi-types: 12.1.3

  '@readme/openapi-schemas@4.0.0':
    dependencies:
      '@types/json-schema': 7.0.15

  '@swc/helpers@0.5.15':
    dependencies:
      tslib: 2.8.1

  '@types/json-schema@7.0.15': {}

  ajv-draft-04@1.0.0(ajv@8.20.0):
    optionalDependencies:
      ajv: 8.20.0

  ajv@8.20.0:
    dependencies:
      fast-deep-equal: 3.1.3
      fast-uri: 3.1.5
      json-schema-traverse: 1.0.0
      require-from-string: 2.0.2

  argparse@1.0.10:
    dependencies:
      sprintf-js: 1.0.3

  argparse@2.0.1: {}

  baseline-browser-mapping@2.11.12: {}

  caniuse-lite@1.0.30001806: {}

  chalk@6.0.0: {}

  chokidar@5.0.0:
    dependencies:
      readdirp: 5.0.0

  client-only@0.0.1: {}

  commander@15.0.0: {}

  detect-libc@2.1.2:
    optional: true

  doccupine@0.0.151(openapi-types@12.1.3):
    dependencies:
      '@readme/openapi-parser': 7.0.0(openapi-types@12.1.3)
      chalk: 6.0.0
      chokidar: 5.0.0
      commander: 15.0.0
      fs-extra: 11.4.0
      gray-matter: 4.0.3
      next: 16.3.0(react-dom@19.2.8(react@19.2.8))(react@19.2.8)
      prompts: 2.4.2
      react: 19.2.8
      react-dom: 19.2.8(react@19.2.8)
    transitivePeerDependencies:
      - '@babel/core'
      - '@opentelemetry/api'
      - '@playwright/test'
      - '@types/node'
      - babel-plugin-macros
      - babel-plugin-react-compiler
      - openapi-types
      - sass

  esprima@4.0.1: {}

  extend-shallow@2.0.1:
    dependencies:
      is-extendable: 0.1.1

  fast-deep-equal@3.1.3: {}

  fast-uri@3.1.5: {}

  fs-extra@11.4.0:
    dependencies:
      graceful-fs: 4.2.11
      jsonfile: 6.2.1
      universalify: 2.0.1

  graceful-fs@4.2.11: {}

  gray-matter@4.0.3:
    dependencies:
      js-yaml: 3.15.1
      kind-of: 6.0.3
      section-matter: 1.0.0
      strip-bom-string: 1.0.0

  is-extendable@0.1.1: {}

  js-tokens@4.0.0: {}

  js-yaml@3.15.1:
    dependencies:
      argparse: 1.0.10
      esprima: 4.0.1

  js-yaml@5.2.3:
    dependencies:
      argparse: 2.0.1

  json-schema-traverse@1.0.0: {}

  jsonfile@6.2.1:
    dependencies:
      universalify: 2.0.1
    optionalDependencies:
      graceful-fs: 4.2.11

  jsonpointer@5.0.1: {}

  kind-of@6.0.3: {}

  kleur@3.0.3: {}

  leven@3.1.0: {}

  nanoid@3.3.17: {}

  next@16.3.0(react-dom@19.2.8(react@19.2.8))(react@19.2.8):
    dependencies:
      '@next/env': 16.3.0
      '@swc/helpers': 0.5.15
      baseline-browser-mapping: 2.11.12
      caniuse-lite: 1.0.30001806
      postcss: 8.5.23
      react: 19.2.8
      react-dom: 19.2.8(react@19.2.8)
      styled-jsx: 5.1.6(react@19.2.8)
    optionalDependencies:
      '@next/swc-darwin-arm64': 16.3.0
      '@next/swc-darwin-x64': 16.3.0
      '@next/swc-linux-arm64-gnu': 16.3.0
      '@next/swc-linux-arm64-musl': 16.3.0
      '@next/swc-linux-x64-gnu': 16.3.0
      '@next/swc-linux-x64-musl': 16.3.0
      '@next/swc-win32-arm64-msvc': 16.3.0
      '@next/swc-win32-x64-msvc': 16.3.0
      sharp: 0.35.3
    transitivePeerDependencies:
      - '@babel/core'
      - '@types/node'
      - babel-plugin-macros

  openapi-types@12.1.3: {}

  picocolors@1.1.1: {}

  postcss@8.5.23:
    dependencies:
      nanoid: 3.3.17
      picocolors: 1.1.1
      source-map-js: 1.2.1

  prompts@2.4.2:
    dependencies:
      kleur: 3.0.3
      sisteransi: 1.0.5

  react-dom@19.2.8(react@19.2.8):
    dependencies:
      react: 19.2.8
      scheduler: 0.27.0

  react@19.2.8: {}

  readdirp@5.0.0: {}

  require-from-string@2.0.2: {}

  scheduler@0.27.0: {}

  section-matter@1.0.0:
    dependencies:
      extend-shallow: 2.0.1
      kind-of: 6.0.3

  semver@7.8.5:
    optional: true

  sharp@0.35.3:
    dependencies:
      '@img/colour': 1.1.0
      detect-libc: 2.1.2
      semver: 7.8.5
    optionalDependencies:
      '@img/sharp-darwin-arm64': 0.35.3
      '@img/sharp-darwin-x64': 0.35.3
      '@img/sharp-freebsd-wasm32': 0.35.3
      '@img/sharp-libvips-darwin-arm64': 1.3.2
      '@img/sharp-libvips-darwin-x64': 1.3.2
      '@img/sharp-libvips-linux-arm': 1.3.2
      '@img/sharp-libvips-linux-arm64': 1.3.2
      '@img/sharp-libvips-linux-ppc64': 1.3.2
      '@img/sharp-libvips-linux-riscv64': 1.3.2
      '@img/sharp-libvips-linux-s390x': 1.3.2
      '@img/sharp-libvips-linux-x64': 1.3.2
      '@img/sharp-libvips-linuxmusl-arm64': 1.3.2
      '@img/sharp-libvips-linuxmusl-x64': 1.3.2
      '@img/sharp-linux-arm': 0.35.3
      '@img/sharp-linux-arm64': 0.35.3
      '@img/sharp-linux-ppc64': 0.35.3
      '@img/sharp-linux-riscv64': 0.35.3
      '@img/sharp-linux-s390x': 0.35.3
      '@img/sharp-linux-x64': 0.35.3
      '@img/sharp-linuxmusl-arm64': 0.35.3
      '@img/sharp-linuxmusl-x64': 0.35.3
      '@img/sharp-webcontainers-wasm32': 0.35.3
      '@img/sharp-win32-arm64': 0.35.3
      '@img/sharp-win32-ia32': 0.35.3
      '@img/sharp-win32-x64': 0.35.3
    optional: true

  sisteransi@1.0.5: {}

  source-map-js@1.2.1: {}

  sprintf-js@1.0.3: {}

  strip-bom-string@1.0.0: {}

  styled-jsx@5.1.6(react@19.2.8):
    dependencies:
      client-only: 0.0.1
      react: 19.2.8

  tslib@2.8.1: {}

  undici@6.28.0: {}

  universalify@2.0.1: {}
